// !$*UTF8*$!
{
	archiveVersion = 1;
	classes = {
	};
	objectVersion = 46;
	objects = {

/* Begin PBXBuildFile section */
		1DDD58160DA1D0A300B32029 /* MainMenu.xib in Resources */ = {isa = PBXBuildFile; fileRef = 1DDD58140DA1D0A300B32029 /* MainMenu.xib */; };
		230BA02614DD8AB100CC9DFC /* container-migration.plist in Resources */ = {isa = PBXBuildFile; fileRef = 230BA02514DD8AB100CC9DFC /* container-migration.plist */; };
		230BA02714DD95E100CC9DFC /* container-migration.plist in Resources */ = {isa = PBXBuildFile; fileRef = 230BA02514DD8AB100CC9DFC /* container-migration.plist */; };
		230BA02814DD95E400CC9DFC /* Add Folder Icons.entitlements in Resources */ = {isa = PBXBuildFile; fileRef = 235D7A0814DD82B100CD503D /* Add Folder Icons.entitlements */; };
		230BA02914DD95FA00CC9DFC /* Add Folder Icons.entitlements in Resources */ = {isa = PBXBuildFile; fileRef = 235D7A0814DD82B100CD503D /* Add Folder Icons.entitlements */; };
		230EE19C12E3501B00C9F14E /* IconStyle.xcdatamodel in Sources */ = {isa = PBXBuildFile; fileRef = 230EE19B12E3501B00C9F14E /* IconStyle.xcdatamodel */; };
		2311B0331302AD4500644100 /* Carbon.framework in Frameworks */ = {isa = PBXBuildFile; fileRef = 2311B0321302AD4500644100 /* Carbon.framework */; };
		2311B03C1302AF6200644100 /* Sparkle.framework in Frameworks */ = {isa = PBXBuildFile; fileRef = 2311B03B1302AF6200644100 /* Sparkle.framework */; };
		2311B03D1302AF6600644100 /* Sparkle.framework in Copy Sparkle Framework */ = {isa = PBXBuildFile; fileRef = 2311B03B1302AF6200644100 /* Sparkle.framework */; };
		232A213D13006066005CFBED /* DSClickableURLTextField.m in Sources */ = {isa = PBXBuildFile; fileRef = 232A213C13006066005CFBED /* DSClickableURLTextField.m */; };
		232C2C8613018D7C00786507 /* SlipCoverSupport.m in Sources */ = {isa = PBXBuildFile; fileRef = 23AED30912FF3E13003181D8 /* SlipCoverSupport.m */; };
		232C2C8713018D8B00786507 /* CaseDefinition.m in Sources */ = {isa = PBXBuildFile; fileRef = 23AED2FD12FF2601003181D8 /* CaseDefinition.m */; };
		232C2C8813018D8D00786507 /* CaseGenerator.m in Sources */ = {isa = PBXBuildFile; fileRef = 23AED2FF12FF2601003181D8 /* CaseGenerator.m */; };
		232C2C8913018D9B00786507 /* ApplicationSupport.m in Sources */ = {isa = PBXBuildFile; fileRef = 2349142712FAB6AF00A59086 /* ApplicationSupport.m */; };
		232F57AA12E0718F00FEB1C2 /* ManageStylesWindowController.m in Sources */ = {isa = PBXBuildFile; fileRef = 232F57A912E0718F00FEB1C2 /* ManageStylesWindowController.m */; };
		233D820C115FF0E900D62B8C /* MainWindowController.m in Sources */ = {isa = PBXBuildFile; fileRef = 233D820A115FF0E900D62B8C /* MainWindowController.m */; };
		2341099815714DD800AF9999 /* QuartzCore.framework in Frameworks */ = {isa = PBXBuildFile; fileRef = 2341099715714DD800AF9999 /* QuartzCore.framework */; };
		2341099915714DD800AF9999 /* QuartzCore.framework in Frameworks */ = {isa = PBXBuildFile; fileRef = 2341099715714DD800AF9999 /* QuartzCore.framework */; };
		2341099C15714F0400AF9999 /* WhiteBackgroundView.m in Sources */ = {isa = PBXBuildFile; fileRef = 2341099B15714F0400AF9999 /* WhiteBackgroundView.m */; };
		2341099D15714F0400AF9999 /* WhiteBackgroundView.m in Sources */ = {isa = PBXBuildFile; fileRef = 2341099B15714F0400AF9999 /* WhiteBackgroundView.m */; };
		234912A912F3857000A59086 /* GlobalSemaphore.m in Sources */ = {isa = PBXBuildFile; fileRef = 234912A512F3857000A59086 /* GlobalSemaphore.m */; };
		234912AA12F3857000A59086 /* Icons.m in Sources */ = {isa = PBXBuildFile; fileRef = 234912A612F3857000A59086 /* Icons.m */; };
		234912AB12F3857000A59086 /* Miscellaneous.m in Sources */ = {isa = PBXBuildFile; fileRef = 234912A712F3857000A59086 /* Miscellaneous.m */; };
		234912AC12F3857000A59086 /* IconGenerator.m in Sources */ = {isa = PBXBuildFile; fileRef = 234912A812F3857000A59086 /* IconGenerator.m */; };
		234912B112F3857C00A59086 /* ConcurrentPathProcessor.m in Sources */ = {isa = PBXBuildFile; fileRef = 234912AF12F3857C00A59086 /* ConcurrentPathProcessor.m */; };
		234912B212F3857C00A59086 /* main.m in Sources */ = {isa = PBXBuildFile; fileRef = 234912B012F3857C00A59086 /* main.m */; };
		2349142812FAB6AF00A59086 /* ApplicationSupport.m in Sources */ = {isa = PBXBuildFile; fileRef = 2349142712FAB6AF00A59086 /* ApplicationSupport.m */; };
		235D7A0514DD4A3200CD503D /* IconParameters.m in Sources */ = {isa = PBXBuildFile; fileRef = 235D7A0414DD4A3200CD503D /* IconParameters.m */; };
		235D7A0614DD519B00CD503D /* IconParameters.m in Sources */ = {isa = PBXBuildFile; fileRef = 235D7A0414DD4A3200CD503D /* IconParameters.m */; };
		235D7A0714DD51A200CD503D /* IconParameters.m in Sources */ = {isa = PBXBuildFile; fileRef = 235D7A0414DD4A3200CD503D /* IconParameters.m */; };
		236315C913055DE400F84A22 /* addfoldericons in Copy Shell Tool */ = {isa = PBXBuildFile; fileRef = 23C1583112F37D2900D99934 /* addfoldericons */; };
		2364AF0212ED8E98007C6521 /* IconStyleArrayController.m in Sources */ = {isa = PBXBuildFile; fileRef = 2364AF0112ED8E98007C6521 /* IconStyleArrayController.m */; };
		2364AF8612EDBA8A007C6521 /* IconStyleManager.m in Sources */ = {isa = PBXBuildFile; fileRef = 2364AF8512EDBA8A007C6521 /* IconStyleManager.m */; };
		2364B22012EEE058007C6521 /* tb_cd.png in Resources */ = {isa = PBXBuildFile; fileRef = 2364B21D12EEE058007C6521 /* tb_cd.png */; };
		2364B22112EEE058007C6521 /* tb_classic.png in Resources */ = {isa = PBXBuildFile; fileRef = 2364B21E12EEE058007C6521 /* tb_classic.png */; };
		2364B22212EEE058007C6521 /* tb_dvd.png in Resources */ = {isa = PBXBuildFile; fileRef = 2364B21F12EEE058007C6521 /* tb_dvd.png */; };
		2370F3E31302ACCB00448013 /* Cocoa.framework in Frameworks */ = {isa = PBXBuildFile; fileRef = 2370F3E21302ACCB00448013 /* Cocoa.framework */; };
		2370F3E51302ACCF00448013 /* Carbon.framework in Frameworks */ = {isa = PBXBuildFile; fileRef = 2370F3E41302ACCF00448013 /* Carbon.framework */; };
		2370F3E71302ACE200448013 /* Cocoa.framework in Frameworks */ = {isa = PBXBuildFile; fileRef = 2370F3E61302ACE200448013 /* Cocoa.framework */; };
		237F3835133A3B8800A23219 /* Add-Folder-Icons.help in Resources */ = {isa = PBXBuildFile; fileRef = 237F3834133A3B8800A23219 /* Add-Folder-Icons.help */; };
		237F3836133A3B8800A23219 /* Add-Folder-Icons.help in Resources */ = {isa = PBXBuildFile; fileRef = 237F3834133A3B8800A23219 /* Add-Folder-Icons.help */; };
		2382900915712962005C60A5 /* SplashWindow.xib in Resources */ = {isa = PBXBuildFile; fileRef = 23A86A2F1560111E000B2861 /* SplashWindow.xib */; };
		2382900B1571414B005C60A5 /* splash.png in Resources */ = {isa = PBXBuildFile; fileRef = 2382900A1571414B005C60A5 /* splash.png */; };
		2382900C1571414B005C60A5 /* splash.png in Resources */ = {isa = PBXBuildFile; fileRef = 2382900A1571414B005C60A5 /* splash.png */; };
		2382900F15714395005C60A5 /* SplashWindowController.m in Sources */ = {isa = PBXBuildFile; fileRef = 2382900E15714395005C60A5 /* SplashWindowController.m */; };
		2382901015714395005C60A5 /* SplashWindowController.m in Sources */ = {isa = PBXBuildFile; fileRef = 2382900E15714395005C60A5 /* SplashWindowController.m */; };
		2389C661114D6AC3003466DE /* Sparkle.icns in Resources */ = {isa = PBXBuildFile; fileRef = 2389C660114D6AC3003466DE /* Sparkle.icns */; };
		2397AF781305761B00931AD3 /* UpdateHelper.m in Sources */ = {isa = PBXBuildFile; fileRef = 2397AF761305761B00931AD3 /* UpdateHelper.m */; };
		2397AF7C130578FA00931AD3 /* Updates.xib in Resources */ = {isa = PBXBuildFile; fileRef = 2397AF7A130578FA00931AD3 /* Updates.xib */; };
		23A86A311560111E000B2861 /* SplashWindow.xib in Resources */ = {isa = PBXBuildFile; fileRef = 23A86A2F1560111E000B2861 /* SplashWindow.xib */; };
		23AED30A12FF3E13003181D8 /* SlipCoverSupport.m in Sources */ = {isa = PBXBuildFile; fileRef = 23AED30912FF3E13003181D8 /* SlipCoverSupport.m */; };
		23AED30B12FF54EA003181D8 /* CaseDefinition.m in Sources */ = {isa = PBXBuildFile; fileRef = 23AED2FD12FF2601003181D8 /* CaseDefinition.m */; };
		23AED32A12FFF104003181D8 /* SCEvent.m in Sources */ = {isa = PBXBuildFile; fileRef = 23AED32612FFF104003181D8 /* SCEvent.m */; settings = {COMPILER_FLAGS = "-fno-objc-arc"; }; };
		23AED32B12FFF104003181D8 /* SCEvents.m in Sources */ = {isa = PBXBuildFile; fileRef = 23AED32912FFF104003181D8 /* SCEvents.m */; settings = {COMPILER_FLAGS = "-fno-objc-arc"; }; };
		23BD71AF12E8A1D700BE620C /* IconStyle.m in Sources */ = {isa = PBXBuildFile; fileRef = 23BD71AE12E8A1D700BE620C /* IconStyle.m */; };
		23BD73F412E9FFA100BE620C /* CoreDataObjectIDTransformer.m in Sources */ = {isa = PBXBuildFile; fileRef = 23BD73F312E9FFA100BE620C /* CoreDataObjectIDTransformer.m */; };
		23CB8B4812E09E9200E66CDA /* Preferences.xib in Resources */ = {isa = PBXBuildFile; fileRef = 23CB8B4612E09E9200E66CDA /* Preferences.xib */; };
		23CB8BA612E0C1CC00E66CDA /* Application.icns in Resources */ = {isa = PBXBuildFile; fileRef = 23CB8BA512E0C1CC00E66CDA /* Application.icns */; };
		23CBD71212E1ED270024A106 /* ManageStyles.xib in Resources */ = {isa = PBXBuildFile; fileRef = 23CBD71012E1ED270024A106 /* ManageStyles.xib */; };
		23CBD7B712E203F20024A106 /* MainWindow.xib in Resources */ = {isa = PBXBuildFile; fileRef = 23CBD7B512E203F20024A106 /* MainWindow.xib */; };
		23D3FB3313055044004FDA09 /* InfoPlist.strings in Resources */ = {isa = PBXBuildFile; fileRef = 089C165CFE840E0CC02AAC07 /* InfoPlist.strings */; };
		23D3FB3413055044004FDA09 /* MainMenu.xib in Resources */ = {isa = PBXBuildFile; fileRef = 1DDD58140DA1D0A300B32029 /* MainMenu.xib */; };
		23D3FB3713055044004FDA09 /* Preferences.xib in Resources */ = {isa = PBXBuildFile; fileRef = 23CB8B4612E09E9200E66CDA /* Preferences.xib */; };
		23D3FB3813055044004FDA09 /* Application.icns in Resources */ = {isa = PBXBuildFile; fileRef = 23CB8BA512E0C1CC00E66CDA /* Application.icns */; };
		23D3FB3913055044004FDA09 /* ManageStyles.xib in Resources */ = {isa = PBXBuildFile; fileRef = 23CBD71012E1ED270024A106 /* ManageStyles.xib */; };
		23D3FB3A13055044004FDA09 /* MainWindow.xib in Resources */ = {isa = PBXBuildFile; fileRef = 23CBD7B512E203F20024A106 /* MainWindow.xib */; };
		23D3FB3B13055044004FDA09 /* tb_cd.png in Resources */ = {isa = PBXBuildFile; fileRef = 2364B21D12EEE058007C6521 /* tb_cd.png */; };
		23D3FB3C13055044004FDA09 /* tb_classic.png in Resources */ = {isa = PBXBuildFile; fileRef = 2364B21E12EEE058007C6521 /* tb_classic.png */; };
		23D3FB3D13055044004FDA09 /* tb_dvd.png in Resources */ = {isa = PBXBuildFile; fileRef = 2364B21F12EEE058007C6521 /* tb_dvd.png */; };
		23D3FB3E13055044004FDA09 /* Preview in Resources */ = {isa = PBXBuildFile; fileRef = 23FF74DD1301D1C700D656DB /* Preview */; };
		23D3FB4213055044004FDA09 /* addfoldericons in Copy Shell Tool */ = {isa = PBXBuildFile; fileRef = 23C1583112F37D2900D99934 /* addfoldericons */; };
		23D3FB4413055044004FDA09 /* main.m in Sources */ = {isa = PBXBuildFile; fileRef = 29B97316FDCFA39411CA2CEA /* main.m */; settings = {ATTRIBUTES = (); }; };
		23D3FB4513055044004FDA09 /* Add_Folder_IconsAppDelegate.m in Sources */ = {isa = PBXBuildFile; fileRef = 256AC3D90F4B6AC300CF3369 /* Add_Folder_IconsAppDelegate.m */; };
		23D3FB4613055044004FDA09 /* MainWindowController.m in Sources */ = {isa = PBXBuildFile; fileRef = 233D820A115FF0E900D62B8C /* MainWindowController.m */; };
		23D3FB4713055044004FDA09 /* GenericPreferencesWindowController.m in Sources */ = {isa = PBXBuildFile; fileRef = 23F8929012DE096B00C022EE /* GenericPreferencesWindowController.m */; };
		23D3FB4813055044004FDA09 /* ApplicationSpecificPreferencesWindowController.m in Sources */ = {isa = PBXBuildFile; fileRef = 23F8931112DF00C000C022EE /* ApplicationSpecificPreferencesWindowController.m */; };
		23D3FB4913055044004FDA09 /* ManageStylesWindowController.m in Sources */ = {isa = PBXBuildFile; fileRef = 232F57A912E0718F00FEB1C2 /* ManageStylesWindowController.m */; };
		23D3FB4A13055044004FDA09 /* IconStyle.xcdatamodel in Sources */ = {isa = PBXBuildFile; fileRef = 230EE19B12E3501B00C9F14E /* IconStyle.xcdatamodel */; };
		23D3FB4B13055044004FDA09 /* IconStyle.m in Sources */ = {isa = PBXBuildFile; fileRef = 23BD71AE12E8A1D700BE620C /* IconStyle.m */; };
		23D3FB4C13055044004FDA09 /* CoreDataObjectIDTransformer.m in Sources */ = {isa = PBXBuildFile; fileRef = 23BD73F312E9FFA100BE620C /* CoreDataObjectIDTransformer.m */; };
		23D3FB4D13055044004FDA09 /* IconStyleArrayController.m in Sources */ = {isa = PBXBuildFile; fileRef = 2364AF0112ED8E98007C6521 /* IconStyleArrayController.m */; };
		23D3FB4E13055044004FDA09 /* IconStyleManager.m in Sources */ = {isa = PBXBuildFile; fileRef = 2364AF8512EDBA8A007C6521 /* IconStyleManager.m */; };
		23D3FB4F13055044004FDA09 /* ApplicationSupport.m in Sources */ = {isa = PBXBuildFile; fileRef = 2349142712FAB6AF00A59086 /* ApplicationSupport.m */; };
		23D3FB5013055044004FDA09 /* SlipCoverSupport.m in Sources */ = {isa = PBXBuildFile; fileRef = 23AED30912FF3E13003181D8 /* SlipCoverSupport.m */; };
		23D3FB5113055044004FDA09 /* CaseDefinition.m in Sources */ = {isa = PBXBuildFile; fileRef = 23AED2FD12FF2601003181D8 /* CaseDefinition.m */; };
		23D3FB5213055044004FDA09 /* SCEvent.m in Sources */ = {isa = PBXBuildFile; fileRef = 23AED32612FFF104003181D8 /* SCEvent.m */; settings = {COMPILER_FLAGS = "-fno-objc-arc"; }; };
		23D3FB5313055044004FDA09 /* SCEvents.m in Sources */ = {isa = PBXBuildFile; fileRef = 23AED32912FFF104003181D8 /* SCEvents.m */; settings = {COMPILER_FLAGS = "-fno-objc-arc"; }; };
		23D3FB5413055044004FDA09 /* DSClickableURLTextField.m in Sources */ = {isa = PBXBuildFile; fileRef = 232A213C13006066005CFBED /* DSClickableURLTextField.m */; };
		23D3FB5513055044004FDA09 /* GlobalSemaphore.m in Sources */ = {isa = PBXBuildFile; fileRef = 234912A512F3857000A59086 /* GlobalSemaphore.m */; };
		23D3FB5613055044004FDA09 /* Miscellaneous.m in Sources */ = {isa = PBXBuildFile; fileRef = 234912A712F3857000A59086 /* Miscellaneous.m */; };
		23D3FB5713055044004FDA09 /* Icons.m in Sources */ = {isa = PBXBuildFile; fileRef = 234912A612F3857000A59086 /* Icons.m */; };
		23D3FB5813055044004FDA09 /* IconGenerator.m in Sources */ = {isa = PBXBuildFile; fileRef = 234912A812F3857000A59086 /* IconGenerator.m */; };
		23D3FB5913055044004FDA09 /* CaseGenerator.m in Sources */ = {isa = PBXBuildFile; fileRef = 23AED2FF12FF2601003181D8 /* CaseGenerator.m */; };
		23D3FB5A13055044004FDA09 /* MainMenuController.m in Sources */ = {isa = PBXBuildFile; fileRef = 23F0B0791304062A0085A876 /* MainMenuController.m */; };
		23D3FB5D13055044004FDA09 /* Carbon.framework in Frameworks */ = {isa = PBXBuildFile; fileRef = 2311B0321302AD4500644100 /* Carbon.framework */; };
		23D3FB5E13055044004FDA09 /* Cocoa.framework in Frameworks */ = {isa = PBXBuildFile; fileRef = 2370F3E61302ACE200448013 /* Cocoa.framework */; };
		23D3FB7913055B6B004FDA09 /* CreditsBottom.rtf in Resources */ = {isa = PBXBuildFile; fileRef = 23D3FB7113055B6B004FDA09 /* CreditsBottom.rtf */; };
		23D3FB7A13055B6B004FDA09 /* CreditsBottom.rtf in Resources */ = {isa = PBXBuildFile; fileRef = 23D3FB7113055B6B004FDA09 /* CreditsBottom.rtf */; };
		23D3FB7C13055B6B004FDA09 /* CreditsMAS.rtf in Resources */ = {isa = PBXBuildFile; fileRef = 23D3FB7313055B6B004FDA09 /* CreditsMAS.rtf */; };
		23D3FB7D13055B6B004FDA09 /* CreditsPOU.rtf in Resources */ = {isa = PBXBuildFile; fileRef = 23D3FB7513055B6B004FDA09 /* CreditsPOU.rtf */; };
		23D3FB7F13055B6B004FDA09 /* CreditsTop.rtf in Resources */ = {isa = PBXBuildFile; fileRef = 23D3FB7713055B6B004FDA09 /* CreditsTop.rtf */; };
		23D3FB8013055B6B004FDA09 /* CreditsTop.rtf in Resources */ = {isa = PBXBuildFile; fileRef = 23D3FB7713055B6B004FDA09 /* CreditsTop.rtf */; };
		23F0B07A1304062A0085A876 /* MainMenuController.m in Sources */ = {isa = PBXBuildFile; fileRef = 23F0B0791304062A0085A876 /* MainMenuController.m */; };
		23F8929112DE096B00C022EE /* GenericPreferencesWindowController.m in Sources */ = {isa = PBXBuildFile; fileRef = 23F8929012DE096B00C022EE /* GenericPreferencesWindowController.m */; };
		23F8931212DF00C000C022EE /* ApplicationSpecificPreferencesWindowController.m in Sources */ = {isa = PBXBuildFile; fileRef = 23F8931112DF00C000C022EE /* ApplicationSpecificPreferencesWindowController.m */; };
		23FF74DE1301D1C700D656DB /* Preview in Resources */ = {isa = PBXBuildFile; fileRef = 23FF74DD1301D1C700D656DB /* Preview */; };
		23FF74DF1301D69300D656DB /* Icons.m in Sources */ = {isa = PBXBuildFile; fileRef = 234912A612F3857000A59086 /* Icons.m */; };
		23FF74E01301D69300D656DB /* IconGenerator.m in Sources */ = {isa = PBXBuildFile; fileRef = 234912A812F3857000A59086 /* IconGenerator.m */; };
		23FF74E11301D69D00D656DB /* GlobalSemaphore.m in Sources */ = {isa = PBXBuildFile; fileRef = 234912A512F3857000A59086 /* GlobalSemaphore.m */; };
		23FF74E21301D76000D656DB /* CaseGenerator.m in Sources */ = {isa = PBXBuildFile; fileRef = 23AED2FF12FF2601003181D8 /* CaseGenerator.m */; };
		23FF74E31301D7B800D656DB /* Miscellaneous.m in Sources */ = {isa = PBXBuildFile; fileRef = 234912A712F3857000A59086 /* Miscellaneous.m */; };
		256AC3DA0F4B6AC300CF3369 /* Add_Folder_IconsAppDelegate.m in Sources */ = {isa = PBXBuildFile; fileRef = 256AC3D90F4B6AC300CF3369 /* Add_Folder_IconsAppDelegate.m */; };
		8D11072B0486CEB800E47090 /* InfoPlist.strings in Resources */ = {isa = PBXBuildFile; fileRef = 089C165CFE840E0CC02AAC07 /* InfoPlist.strings */; };
		8D11072D0486CEB800E47090 /* main.m in Sources */ = {isa = PBXBuildFile; fileRef = 29B97316FDCFA39411CA2CEA /* main.m */; settings = {ATTRIBUTES = (); }; };
/* End PBXBuildFile section */

/* Begin PBXContainerItemProxy section */
		23C1583712F37D9200D99934 /* PBXContainerItemProxy */ = {
			isa = PBXContainerItemProxy;
			containerPortal = 29B97313FDCFA39411CA2CEA /* Project object */;
			proxyType = 1;
			remoteGlobalIDString = 23C1583012F37D2900D99934;
			remoteInfo = addfoldericons;
		};
		23D3FB3113055044004FDA09 /* PBXContainerItemProxy */ = {
			isa = PBXContainerItemProxy;
			containerPortal = 29B97313FDCFA39411CA2CEA /* Project object */;
			proxyType = 1;
			remoteGlobalIDString = 23C1583012F37D2900D99934;
			remoteInfo = addfoldericons;
		};
/* End PBXContainerItemProxy section */

/* Begin PBXCopyFilesBuildPhase section */
		2349125012F3817400A59086 /* Copy Shell Tool */ = {
			isa = PBXCopyFilesBuildPhase;
			buildActionMask = 2147483647;
			dstPath = "";
			dstSubfolderSpec = 6;
			files = (
				236315C913055DE400F84A22 /* addfoldericons in Copy Shell Tool */,
			);
			name = "Copy Shell Tool";
			runOnlyForDeploymentPostprocessing = 0;
		};
		2389C61C114D64F8003466DE /* Copy Sparkle Framework */ = {
			isa = PBXCopyFilesBuildPhase;
			buildActionMask = 2147483647;
			dstPath = "";
			dstSubfolderSpec = 10;
			files = (
				2311B03D1302AF6600644100 /* Sparkle.framework in Copy Sparkle Framework */,
			);
			name = "Copy Sparkle Framework";
			runOnlyForDeploymentPostprocessing = 0;
		};
		23D3FB4113055044004FDA09 /* Copy Shell Tool */ = {
			isa = PBXCopyFilesBuildPhase;
			buildActionMask = 2147483647;
			dstPath = "";
			dstSubfolderSpec = 6;
			files = (
				23D3FB4213055044004FDA09 /* addfoldericons in Copy Shell Tool */,
			);
			name = "Copy Shell Tool";
			runOnlyForDeploymentPostprocessing = 0;
		};
/* End PBXCopyFilesBuildPhase section */

/* Begin PBXFileReference section */
		089C165DFE840E0CC02AAC07 /* English */ = {isa = PBXFileReference; fileEncoding = 4; lastKnownFileType = text.plist.strings; name = English; path = English.lproj/InfoPlist.strings; sourceTree = "<group>"; };
		1DDD58150DA1D0A300B32029 /* English */ = {isa = PBXFileReference; lastKnownFileType = file.xib; name = English; path = English.lproj/MainMenu.xib; sourceTree = "<group>"; };
		230BA02514DD8AB100CC9DFC /* container-migration.plist */ = {isa = PBXFileReference; fileEncoding = 4; lastKnownFileType = text.plist.xml; path = "container-migration.plist"; sourceTree = "<group>"; };
		230EE19B12E3501B00C9F14E /* IconStyle.xcdatamodel */ = {isa = PBXFileReference; fileEncoding = 4; lastKnownFileType = wrapper.xcdatamodel; path = IconStyle.xcdatamodel; sourceTree = "<group>"; };
		2311B0321302AD4500644100 /* Carbon.framework */ = {isa = PBXFileReference; lastKnownFileType = wrapper.framework; name = Carbon.framework; path = System/Library/Frameworks/Carbon.framework; sourceTree = SDKROOT; };
		2311B03B1302AF6200644100 /* Sparkle.framework */ = {isa = PBXFileReference; lastKnownFileType = wrapper.framework; path = Sparkle.framework; sourceTree = "<group>"; };
		232A213B13006066005CFBED /* DSClickableURLTextField.h */ = {isa = PBXFileReference; fileEncoding = 4; lastKnownFileType = sourcecode.c.h; path = DSClickableURLTextField.h; sourceTree = "<group>"; };
		232A213C13006066005CFBED /* DSClickableURLTextField.m */ = {isa = PBXFileReference; fileEncoding = 4; lastKnownFileType = sourcecode.c.objc; path = DSClickableURLTextField.m; sourceTree = "<group>"; };
		232F57A812E0718F00FEB1C2 /* ManageStylesWindowController.h */ = {isa = PBXFileReference; fileEncoding = 4; lastKnownFileType = sourcecode.c.h; path = ManageStylesWindowController.h; sourceTree = "<group>"; };
		232F57A912E0718F00FEB1C2 /* ManageStylesWindowController.m */ = {isa = PBXFileReference; fileEncoding = 4; lastKnownFileType = sourcecode.c.objc; path = ManageStylesWindowController.m; sourceTree = "<group>"; };
		233D820A115FF0E900D62B8C /* MainWindowController.m */ = {isa = PBXFileReference; fileEncoding = 4; lastKnownFileType = sourcecode.c.objc; path = MainWindowController.m; sourceTree = "<group>"; };
		233D820B115FF0E900D62B8C /* MainWindowController.h */ = {isa = PBXFileReference; fileEncoding = 4; lastKnownFileType = sourcecode.c.h; path = MainWindowController.h; sourceTree = "<group>"; };
		2341099715714DD800AF9999 /* QuartzCore.framework */ = {isa = PBXFileReference; lastKnownFileType = wrapper.framework; name = QuartzCore.framework; path = System/Library/Frameworks/QuartzCore.framework; sourceTree = SDKROOT; };
		2341099A15714F0400AF9999 /* WhiteBackgroundView.h */ = {isa = PBXFileReference; fileEncoding = 4; lastKnownFileType = sourcecode.c.h; path = WhiteBackgroundView.h; sourceTree = "<group>"; };
		2341099B15714F0400AF9999 /* WhiteBackgroundView.m */ = {isa = PBXFileReference; fileEncoding = 4; lastKnownFileType = sourcecode.c.objc; path = WhiteBackgroundView.m; sourceTree = "<group>"; };
		234912A112F3857000A59086 /* GlobalSemaphore.h */ = {isa = PBXFileReference; fileEncoding = 4; lastKnownFileType = sourcecode.c.h; name = GlobalSemaphore.h; path = "Shared Sources/GlobalSemaphore.h"; sourceTree = SOURCE_ROOT; };
		234912A212F3857000A59086 /* Icons.h */ = {isa = PBXFileReference; fileEncoding = 4; lastKnownFileType = sourcecode.c.h; name = Icons.h; path = "Shared Sources/Icons.h"; sourceTree = SOURCE_ROOT; };
		234912A312F3857000A59086 /* Miscellaneous.h */ = {isa = PBXFileReference; fileEncoding = 4; lastKnownFileType = sourcecode.c.h; name = Miscellaneous.h; path = "Shared Sources/Miscellaneous.h"; sourceTree = SOURCE_ROOT; };
		234912A412F3857000A59086 /* IconGenerator.h */ = {isa = PBXFileReference; fileEncoding = 4; lastKnownFileType = sourcecode.c.h; name = IconGenerator.h; path = "Shared Sources/IconGenerator.h"; sourceTree = "<group>"; };
		234912A512F3857000A59086 /* GlobalSemaphore.m */ = {isa = PBXFileReference; fileEncoding = 4; lastKnownFileType = sourcecode.c.objc; name = GlobalSemaphore.m; path = "Shared Sources/GlobalSemaphore.m"; sourceTree = SOURCE_ROOT; };
		234912A612F3857000A59086 /* Icons.m */ = {isa = PBXFileReference; fileEncoding = 4; lastKnownFileType = sourcecode.c.objc; name = Icons.m; path = "Shared Sources/Icons.m"; sourceTree = SOURCE_ROOT; };
		234912A712F3857000A59086 /* Miscellaneous.m */ = {isa = PBXFileReference; fileEncoding = 4; lastKnownFileType = sourcecode.c.objc; name = Miscellaneous.m; path = "Shared Sources/Miscellaneous.m"; sourceTree = SOURCE_ROOT; };
		234912A812F3857000A59086 /* IconGenerator.m */ = {isa = PBXFileReference; fileEncoding = 4; lastKnownFileType = sourcecode.c.objc; name = IconGenerator.m; path = "Shared Sources/IconGenerator.m"; sourceTree = "<group>"; };
		234912AD12F3857C00A59086 /* ConcurrentPathProcessor.h */ = {isa = PBXFileReference; fileEncoding = 4; lastKnownFileType = sourcecode.c.h; name = ConcurrentPathProcessor.h; path = "Shell Tool Sources/ConcurrentPathProcessor.h"; sourceTree = SOURCE_ROOT; };
		234912AE12F3857C00A59086 /* GlobalConstants.h */ = {isa = PBXFileReference; fileEncoding = 4; lastKnownFileType = sourcecode.c.h; name = GlobalConstants.h; path = "Shell Tool Sources/GlobalConstants.h"; sourceTree = SOURCE_ROOT; };
		234912AF12F3857C00A59086 /* ConcurrentPathProcessor.m */ = {isa = PBXFileReference; fileEncoding = 4; lastKnownFileType = sourcecode.c.objc; name = ConcurrentPathProcessor.m; path = "Shell Tool Sources/ConcurrentPathProcessor.m"; sourceTree = SOURCE_ROOT; };
		234912B012F3857C00A59086 /* main.m */ = {isa = PBXFileReference; fileEncoding = 4; lastKnownFileType = sourcecode.c.objc; name = main.m; path = "Shell Tool Sources/main.m"; sourceTree = SOURCE_ROOT; };
		2349133B12F5DE5600A59086 /* IconStyleShowFolderInBackground.h */ = {isa = PBXFileReference; fileEncoding = 4; lastKnownFileType = sourcecode.c.h; path = IconStyleShowFolderInBackground.h; sourceTree = "<group>"; };
		2349135212F5EF2F00A59086 /* IconParameters.h */ = {isa = PBXFileReference; fileEncoding = 4; lastKnownFileType = sourcecode.c.h; path = IconParameters.h; sourceTree = "<group>"; };
		2349142612FAB6AF00A59086 /* ApplicationSupport.h */ = {isa = PBXFileReference; fileEncoding = 4; lastKnownFileType = sourcecode.c.h; path = ApplicationSupport.h; sourceTree = "<group>"; };
		2349142712FAB6AF00A59086 /* ApplicationSupport.m */ = {isa = PBXFileReference; fileEncoding = 4; lastKnownFileType = sourcecode.c.objc; path = ApplicationSupport.m; sourceTree = "<group>"; };
		2349168412FDCCDD00A59086 /* FolderProcessNotificationProtocol.h */ = {isa = PBXFileReference; fileEncoding = 4; lastKnownFileType = sourcecode.c.h; path = FolderProcessNotificationProtocol.h; sourceTree = "<group>"; };
		235D7A0414DD4A3200CD503D /* IconParameters.m */ = {isa = PBXFileReference; fileEncoding = 4; lastKnownFileType = sourcecode.c.objc; path = IconParameters.m; sourceTree = "<group>"; };
		235D7A0814DD82B100CD503D /* Add Folder Icons.entitlements */ = {isa = PBXFileReference; lastKnownFileType = text.xml; path = "Add Folder Icons.entitlements"; sourceTree = "<group>"; };
		2364AF0012ED8E98007C6521 /* IconStyleArrayController.h */ = {isa = PBXFileReference; fileEncoding = 4; lastKnownFileType = sourcecode.c.h; path = IconStyleArrayController.h; sourceTree = "<group>"; };
		2364AF0112ED8E98007C6521 /* IconStyleArrayController.m */ = {isa = PBXFileReference; fileEncoding = 4; lastKnownFileType = sourcecode.c.objc; path = IconStyleArrayController.m; sourceTree = "<group>"; };
		2364AF8412EDBA8A007C6521 /* IconStyleManager.h */ = {isa = PBXFileReference; fileEncoding = 4; lastKnownFileType = sourcecode.c.h; path = IconStyleManager.h; sourceTree = "<group>"; };
		2364AF8512EDBA8A007C6521 /* IconStyleManager.m */ = {isa = PBXFileReference; fileEncoding = 4; lastKnownFileType = sourcecode.c.objc; path = IconStyleManager.m; sourceTree = "<group>"; };
		2364B21D12EEE058007C6521 /* tb_cd.png */ = {isa = PBXFileReference; lastKnownFileType = image.png; path = tb_cd.png; sourceTree = "<group>"; };
		2364B21E12EEE058007C6521 /* tb_classic.png */ = {isa = PBXFileReference; lastKnownFileType = image.png; path = tb_classic.png; sourceTree = "<group>"; };
		2364B21F12EEE058007C6521 /* tb_dvd.png */ = {isa = PBXFileReference; lastKnownFileType = image.png; path = tb_dvd.png; sourceTree = "<group>"; };
		2366B24014750D8900991D18 /* SCConstants.h */ = {isa = PBXFileReference; fileEncoding = 4; lastKnownFileType = sourcecode.c.h; path = SCConstants.h; sourceTree = "<group>"; };
		2370F3E21302ACCB00448013 /* Cocoa.framework */ = {isa = PBXFileReference; lastKnownFileType = wrapper.framework; name = Cocoa.framework; path = System/Library/Frameworks/Cocoa.framework; sourceTree = SDKROOT; };
		2370F3E41302ACCF00448013 /* Carbon.framework */ = {isa = PBXFileReference; lastKnownFileType = wrapper.framework; name = Carbon.framework; path = System/Library/Frameworks/Carbon.framework; sourceTree = SDKROOT; };
		2370F3E61302ACE200448013 /* Cocoa.framework */ = {isa = PBXFileReference; lastKnownFileType = wrapper.framework; name = Cocoa.framework; path = System/Library/Frameworks/Cocoa.framework; sourceTree = SDKROOT; };
		237F3834133A3B8800A23219 /* Add-Folder-Icons.help */ = {isa = PBXFileReference; lastKnownFileType = folder; path = "Add-Folder-Icons.help"; sourceTree = "<group>"; };
		2382900A1571414B005C60A5 /* splash.png */ = {isa = PBXFileReference; lastKnownFileType = image.png; path = splash.png; sourceTree = "<group>"; };
		2382900D15714395005C60A5 /* SplashWindowController.h */ = {isa = PBXFileReference; fileEncoding = 4; lastKnownFileType = sourcecode.c.h; path = SplashWindowController.h; sourceTree = "<group>"; };
		2382900E15714395005C60A5 /* SplashWindowController.m */ = {isa = PBXFileReference; fileEncoding = 4; lastKnownFileType = sourcecode.c.objc; path = SplashWindowController.m; sourceTree = "<group>"; };
		2389C660114D6AC3003466DE /* Sparkle.icns */ = {isa = PBXFileReference; lastKnownFileType = image.icns; path = Sparkle.icns; sourceTree = "<group>"; };
		2397AF751305761B00931AD3 /* UpdateHelper.h */ = {isa = PBXFileReference; fileEncoding = 4; lastKnownFileType = sourcecode.c.h; path = UpdateHelper.h; sourceTree = "<group>"; };
		2397AF761305761B00931AD3 /* UpdateHelper.m */ = {isa = PBXFileReference; fileEncoding = 4; lastKnownFileType = sourcecode.c.objc; path = UpdateHelper.m; sourceTree = "<group>"; };
		2397AF7B130578FA00931AD3 /* English */ = {isa = PBXFileReference; lastKnownFileType = file.xib; name = English; path = English.lproj/Updates.xib; sourceTree = "<group>"; };
		23A86A301560111E000B2861 /* English */ = {isa = PBXFileReference; lastKnownFileType = file.xib; name = English; path = English.lproj/SplashWindow.xib; sourceTree = "<group>"; };
		23AED2FC12FF2601003181D8 /* CaseDefinition.h */ = {isa = PBXFileReference; lastKnownFileType = sourcecode.c.h; path = CaseDefinition.h; sourceTree = "<group>"; };
		23AED2FD12FF2601003181D8 /* CaseDefinition.m */ = {isa = PBXFileReference; lastKnownFileType = sourcecode.c.objc; path = CaseDefinition.m; sourceTree = "<group>"; };
		23AED2FE12FF2601003181D8 /* CaseGenerator.h */ = {isa = PBXFileReference; lastKnownFileType = sourcecode.c.h; path = CaseGenerator.h; sourceTree = "<group>"; };
		23AED2FF12FF2601003181D8 /* CaseGenerator.m */ = {isa = PBXFileReference; lastKnownFileType = sourcecode.c.objc; path = CaseGenerator.m; sourceTree = "<group>"; };
		23AED30412FF2601003181D8 /* NSImage+BrightnessContrast.h */ = {isa = PBXFileReference; lastKnownFileType = sourcecode.c.h; path = "NSImage+BrightnessContrast.h"; sourceTree = "<group>"; };
		23AED30512FF2601003181D8 /* NSImage+BrightnessContrast.m */ = {isa = PBXFileReference; lastKnownFileType = sourcecode.c.objc; path = "NSImage+BrightnessContrast.m"; sourceTree = "<group>"; };
		23AED30812FF3E13003181D8 /* SlipCoverSupport.h */ = {isa = PBXFileReference; fileEncoding = 4; lastKnownFileType = sourcecode.c.h; name = SlipCoverSupport.h; path = "Shared Sources/SlipCoverSupport.h"; sourceTree = "<group>"; };
		23AED30912FF3E13003181D8 /* SlipCoverSupport.m */ = {isa = PBXFileReference; fileEncoding = 4; lastKnownFileType = sourcecode.c.objc; name = SlipCoverSupport.m; path = "Shared Sources/SlipCoverSupport.m"; sourceTree = "<group>"; };
		23AED32512FFF104003181D8 /* SCEvent.h */ = {isa = PBXFileReference; fileEncoding = 4; lastKnownFileType = sourcecode.c.h; path = SCEvent.h; sourceTree = "<group>"; };
		23AED32612FFF104003181D8 /* SCEvent.m */ = {isa = PBXFileReference; fileEncoding = 4; lastKnownFileType = sourcecode.c.objc; path = SCEvent.m; sourceTree = "<group>"; };
		23AED32712FFF104003181D8 /* SCEventListenerProtocol.h */ = {isa = PBXFileReference; fileEncoding = 4; lastKnownFileType = sourcecode.c.h; path = SCEventListenerProtocol.h; sourceTree = "<group>"; };
		23AED32812FFF104003181D8 /* SCEvents.h */ = {isa = PBXFileReference; fileEncoding = 4; lastKnownFileType = sourcecode.c.h; path = SCEvents.h; sourceTree = "<group>"; };
		23AED32912FFF104003181D8 /* SCEvents.m */ = {isa = PBXFileReference; fileEncoding = 4; lastKnownFileType = sourcecode.c.objc; path = SCEvents.m; sourceTree = "<group>"; };
		23BD71AD12E8A1D700BE620C /* IconStyle.h */ = {isa = PBXFileReference; fileEncoding = 4; lastKnownFileType = sourcecode.c.h; path = IconStyle.h; sourceTree = "<group>"; };
		23BD71AE12E8A1D700BE620C /* IconStyle.m */ = {isa = PBXFileReference; fileEncoding = 4; lastKnownFileType = sourcecode.c.objc; path = IconStyle.m; sourceTree = "<group>"; };
		23BD73F212E9FFA100BE620C /* CoreDataObjectIDTransformer.h */ = {isa = PBXFileReference; fileEncoding = 4; lastKnownFileType = sourcecode.c.h; path = CoreDataObjectIDTransformer.h; sourceTree = "<group>"; };
		23BD73F312E9FFA100BE620C /* CoreDataObjectIDTransformer.m */ = {isa = PBXFileReference; fileEncoding = 4; lastKnownFileType = sourcecode.c.objc; path = CoreDataObjectIDTransformer.m; sourceTree = "<group>"; };
		23C1583112F37D2900D99934 /* addfoldericons */ = {isa = PBXFileReference; explicitFileType = "compiled.mach-o.executable"; includeInIndex = 0; path = addfoldericons; sourceTree = BUILT_PRODUCTS_DIR; };
		23CB8B4712E09E9200E66CDA /* English */ = {isa = PBXFileReference; lastKnownFileType = file.xib; name = English; path = English.lproj/Preferences.xib; sourceTree = "<group>"; };
		23CB8BA512E0C1CC00E66CDA /* Application.icns */ = {isa = PBXFileReference; lastKnownFileType = image.icns; path = Application.icns; sourceTree = "<group>"; };
		23CBD71112E1ED270024A106 /* English */ = {isa = PBXFileReference; lastKnownFileType = file.xib; name = English; path = English.lproj/ManageStyles.xib; sourceTree = "<group>"; };
		23CBD7B612E203F20024A106 /* English */ = {isa = PBXFileReference; lastKnownFileType = file.xib; name = English; path = English.lproj/MainWindow.xib; sourceTree = "<group>"; };
		23D3FB6213055044004FDA09 /* Add Folder Icons.app */ = {isa = PBXFileReference; explicitFileType = wrapper.application; includeInIndex = 0; path = "Add Folder Icons.app"; sourceTree = BUILT_PRODUCTS_DIR; };
		23D3FB7213055B6B004FDA09 /* English */ = {isa = PBXFileReference; lastKnownFileType = text.rtf; name = English; path = English.lproj/CreditsBottom.rtf; sourceTree = "<group>"; };
		23D3FB7413055B6B004FDA09 /* English */ = {isa = PBXFileReference; lastKnownFileType = text.rtf; name = English; path = English.lproj/CreditsMAS.rtf; sourceTree = "<group>"; };
		23D3FB7613055B6B004FDA09 /* English */ = {isa = PBXFileReference; lastKnownFileType = text.rtf; name = English; path = English.lproj/CreditsPOU.rtf; sourceTree = "<group>"; };
		23D3FB7813055B6B004FDA09 /* English */ = {isa = PBXFileReference; lastKnownFileType = text.rtf; name = English; path = English.lproj/CreditsTop.rtf; sourceTree = "<group>"; };
		23F0B0781304062A0085A876 /* MainMenuController.h */ = {isa = PBXFileReference; fileEncoding = 4; lastKnownFileType = sourcecode.c.h; path = MainMenuController.h; sourceTree = "<group>"; };
		23F0B0791304062A0085A876 /* MainMenuController.m */ = {isa = PBXFileReference; fileEncoding = 4; lastKnownFileType = sourcecode.c.objc; path = MainMenuController.m; sourceTree = "<group>"; };
		23F8928F12DE096B00C022EE /* GenericPreferencesWindowController.h */ = {isa = PBXFileReference; fileEncoding = 4; lastKnownFileType = sourcecode.c.h; path = GenericPreferencesWindowController.h; sourceTree = "<group>"; };
		23F8929012DE096B00C022EE /* GenericPreferencesWindowController.m */ = {isa = PBXFileReference; fileEncoding = 4; lastKnownFileType = sourcecode.c.objc; path = GenericPreferencesWindowController.m; sourceTree = "<group>"; };
		23F8931012DF00C000C022EE /* ApplicationSpecificPreferencesWindowController.h */ = {isa = PBXFileReference; fileEncoding = 4; lastKnownFileType = sourcecode.c.h; path = ApplicationSpecificPreferencesWindowController.h; sourceTree = "<group>"; };
		23F8931112DF00C000C022EE /* ApplicationSpecificPreferencesWindowController.m */ = {isa = PBXFileReference; fileEncoding = 4; lastKnownFileType = sourcecode.c.objc; path = ApplicationSpecificPreferencesWindowController.m; sourceTree = "<group>"; };
		23FF74DD1301D1C700D656DB /* Preview */ = {isa = PBXFileReference; lastKnownFileType = folder; path = Preview; sourceTree = "<group>"; };
		256AC3D80F4B6AC300CF3369 /* Add_Folder_IconsAppDelegate.h */ = {isa = PBXFileReference; fileEncoding = 4; lastKnownFileType = sourcecode.c.h; path = Add_Folder_IconsAppDelegate.h; sourceTree = "<group>"; };
		256AC3D90F4B6AC300CF3369 /* Add_Folder_IconsAppDelegate.m */ = {isa = PBXFileReference; fileEncoding = 4; lastKnownFileType = sourcecode.c.objc; path = Add_Folder_IconsAppDelegate.m; sourceTree = "<group>"; };
		256AC3F00F4B6AF500CF3369 /* Add_Folder_Icons_Prefix.pch */ = {isa = PBXFileReference; fileEncoding = 4; lastKnownFileType = sourcecode.c.h; path = Add_Folder_Icons_Prefix.pch; sourceTree = "<group>"; };
		29B97316FDCFA39411CA2CEA /* main.m */ = {isa = PBXFileReference; fileEncoding = 4; lastKnownFileType = sourcecode.c.objc; path = main.m; sourceTree = "<group>"; };
		8D1107310486CEB800E47090 /* Add_Folder_Icons-Info.plist */ = {isa = PBXFileReference; fileEncoding = 4; lastKnownFileType = text.plist.xml; path = "Add_Folder_Icons-Info.plist"; sourceTree = "<group>"; };
		8D1107320486CEB800E47090 /* Add Folder Icons.app */ = {isa = PBXFileReference; explicitFileType = wrapper.application; includeInIndex = 0; path = "Add Folder Icons.app"; sourceTree = BUILT_PRODUCTS_DIR; };
/* End PBXFileReference section */

/* Begin PBXFrameworksBuildPhase section */
		23C1582F12F37D2900D99934 /* Frameworks */ = {
			isa = PBXFrameworksBuildPhase;
			buildActionMask = 2147483647;
			files = (
				2370F3E51302ACCF00448013 /* Carbon.framework in Frameworks */,
				2370F3E31302ACCB00448013 /* Cocoa.framework in Frameworks */,
			);
			runOnlyForDeploymentPostprocessing = 0;
		};
		23D3FB5B13055044004FDA09 /* Frameworks */ = {
			isa = PBXFrameworksBuildPhase;
			buildActionMask = 2147483647;
			files = (
				23D3FB5D13055044004FDA09 /* Carbon.framework in Frameworks */,
				23D3FB5E13055044004FDA09 /* Cocoa.framework in Frameworks */,
				2341099915714DD800AF9999 /* QuartzCore.framework in Frameworks */,
			);
			runOnlyForDeploymentPostprocessing = 0;
		};
		8D11072E0486CEB800E47090 /* Frameworks */ = {
			isa = PBXFrameworksBuildPhase;
			buildActionMask = 2147483647;
			files = (
				2311B03C1302AF6200644100 /* Sparkle.framework in Frameworks */,
				2311B0331302AD4500644100 /* Carbon.framework in Frameworks */,
				2370F3E71302ACE200448013 /* Cocoa.framework in Frameworks */,
				2341099815714DD800AF9999 /* QuartzCore.framework in Frameworks */,
			);
			runOnlyForDeploymentPostprocessing = 0;
		};
/* End PBXFrameworksBuildPhase section */

/* Begin PBXGroup section */
		080E96DDFE201D6D7F000001 /* Classes */ = {
			isa = PBXGroup;
			children = (
				256AC3D80F4B6AC300CF3369 /* Add_Folder_IconsAppDelegate.h */,
				256AC3D90F4B6AC300CF3369 /* Add_Folder_IconsAppDelegate.m */,
				233D820B115FF0E900D62B8C /* MainWindowController.h */,
				233D820A115FF0E900D62B8C /* MainWindowController.m */,
				2382900D15714395005C60A5 /* SplashWindowController.h */,
				2382900E15714395005C60A5 /* SplashWindowController.m */,
				23F8928F12DE096B00C022EE /* GenericPreferencesWindowController.h */,
				23F8929012DE096B00C022EE /* GenericPreferencesWindowController.m */,
				23F8931012DF00C000C022EE /* ApplicationSpecificPreferencesWindowController.h */,
				23F8931112DF00C000C022EE /* ApplicationSpecificPreferencesWindowController.m */,
				232F57A812E0718F00FEB1C2 /* ManageStylesWindowController.h */,
				232F57A912E0718F00FEB1C2 /* ManageStylesWindowController.m */,
				2364AF0012ED8E98007C6521 /* IconStyleArrayController.h */,
				2364AF0112ED8E98007C6521 /* IconStyleArrayController.m */,
				23F0B0781304062A0085A876 /* MainMenuController.h */,
				23F0B0791304062A0085A876 /* MainMenuController.m */,
				2341099A15714F0400AF9999 /* WhiteBackgroundView.h */,
				2341099B15714F0400AF9999 /* WhiteBackgroundView.m */,
				2397AF751305761B00931AD3 /* UpdateHelper.h */,
				2397AF761305761B00931AD3 /* UpdateHelper.m */,
			);
			name = Classes;
			sourceTree = "<group>";
		};
		19C28FACFE9D520D11CA2CBB /* Products */ = {
			isa = PBXGroup;
			children = (
				23C1583112F37D2900D99934 /* addfoldericons */,
				8D1107320486CEB800E47090 /* Add Folder Icons.app */,
				23D3FB6213055044004FDA09 /* Add Folder Icons.app */,
			);
			name = Products;
			sourceTree = "<group>";
		};
		230EE19D12E35CDA00C9F14E /* Models */ = {
			isa = PBXGroup;
			children = (
				23BD71AD12E8A1D700BE620C /* IconStyle.h */,
				23BD71AE12E8A1D700BE620C /* IconStyle.m */,
				230EE19B12E3501B00C9F14E /* IconStyle.xcdatamodel */,
			);
			name = Models;
			sourceTree = "<group>";
		};
		2311B0341302AD4C00644100 /* Frameworks (Application) */ = {
			isa = PBXGroup;
			children = (
				2341099715714DD800AF9999 /* QuartzCore.framework */,
				2311B0321302AD4500644100 /* Carbon.framework */,
				2370F3E61302ACE200448013 /* Cocoa.framework */,
				2311B03B1302AF6200644100 /* Sparkle.framework */,
			);
			name = "Frameworks (Application)";
			sourceTree = "<group>";
		};
		2311B0351302AD6D00644100 /* Frameworks (Shell Tool) */ = {
			isa = PBXGroup;
			children = (
				2370F3E41302ACCF00448013 /* Carbon.framework */,
				2370F3E21302ACCB00448013 /* Cocoa.framework */,
			);
			name = "Frameworks (Shell Tool)";
			sourceTree = "<group>";
		};
		232A213A13006064005CFBED /* DSClickableURLTextField */ = {
			isa = PBXGroup;
			children = (
				232A213B13006066005CFBED /* DSClickableURLTextField.h */,
				232A213C13006066005CFBED /* DSClickableURLTextField.m */,
			);
			path = DSClickableURLTextField;
			sourceTree = "<group>";
		};
		23AED2FB12FF2601003181D8 /* SlipCover Sources */ = {
			isa = PBXGroup;
			children = (
				23AED2FC12FF2601003181D8 /* CaseDefinition.h */,
				23AED2FD12FF2601003181D8 /* CaseDefinition.m */,
				23AED2FE12FF2601003181D8 /* CaseGenerator.h */,
				23AED2FF12FF2601003181D8 /* CaseGenerator.m */,
				23AED30412FF2601003181D8 /* NSImage+BrightnessContrast.h */,
				23AED30512FF2601003181D8 /* NSImage+BrightnessContrast.m */,
			);
			path = "SlipCover Sources";
			sourceTree = "<group>";
		};
		23AED32412FFF102003181D8 /* SCEvents */ = {
			isa = PBXGroup;
			children = (
				2366B24014750D8900991D18 /* SCConstants.h */,
				23AED32712FFF104003181D8 /* SCEventListenerProtocol.h */,
				23AED32512FFF104003181D8 /* SCEvent.h */,
				23AED32612FFF104003181D8 /* SCEvent.m */,
				23AED32812FFF104003181D8 /* SCEvents.h */,
				23AED32912FFF104003181D8 /* SCEvents.m */,
			);
			path = SCEvents;
			sourceTree = "<group>";
		};
		23BD73F112E9FF8600BE620C /* Value Transformers */ = {
			isa = PBXGroup;
			children = (
				23BD73F212E9FFA100BE620C /* CoreDataObjectIDTransformer.h */,
				23BD73F312E9FFA100BE620C /* CoreDataObjectIDTransformer.m */,
			);
			name = "Value Transformers";
			sourceTree = "<group>";
		};
		23C15D1D12F37E1000D99934 /* Shell Tool Sources */ = {
			isa = PBXGroup;
			children = (
				234912B012F3857C00A59086 /* main.m */,
				234912AE12F3857C00A59086 /* GlobalConstants.h */,
				234912AD12F3857C00A59086 /* ConcurrentPathProcessor.h */,
				234912AF12F3857C00A59086 /* ConcurrentPathProcessor.m */,
			);
			name = "Shell Tool Sources";
			sourceTree = "<group>";
		};
		23C15D1E12F37E1900D99934 /* Shared Shell Tool and Application Sources */ = {
			isa = PBXGroup;
			children = (
				2349168412FDCCDD00A59086 /* FolderProcessNotificationProtocol.h */,
				2349133B12F5DE5600A59086 /* IconStyleShowFolderInBackground.h */,
				2349135212F5EF2F00A59086 /* IconParameters.h */,
				235D7A0414DD4A3200CD503D /* IconParameters.m */,
				234912A112F3857000A59086 /* GlobalSemaphore.h */,
				234912A512F3857000A59086 /* GlobalSemaphore.m */,
				234912A212F3857000A59086 /* Icons.h */,
				234912A612F3857000A59086 /* Icons.m */,
				234912A412F3857000A59086 /* IconGenerator.h */,
				234912A812F3857000A59086 /* IconGenerator.m */,
				234912A312F3857000A59086 /* Miscellaneous.h */,
				234912A712F3857000A59086 /* Miscellaneous.m */,
				23AED30812FF3E13003181D8 /* SlipCoverSupport.h */,
				23AED30912FF3E13003181D8 /* SlipCoverSupport.m */,
			);
			name = "Shared Shell Tool and Application Sources";
			sourceTree = "<group>";
		};
		29B97314FDCFA39411CA2CEA /* Add Folder Icons */ = {
			isa = PBXGroup;
			children = (
				23BD73F112E9FF8600BE620C /* Value Transformers */,
				230EE19D12E35CDA00C9F14E /* Models */,
				080E96DDFE201D6D7F000001 /* Classes */,
				29B97315FDCFA39411CA2CEA /* Other Application Sources */,
				23C15D1E12F37E1900D99934 /* Shared Shell Tool and Application Sources */,
				23C15D1D12F37E1000D99934 /* Shell Tool Sources */,
				23AED2FB12FF2601003181D8 /* SlipCover Sources */,
				23AED32412FFF102003181D8 /* SCEvents */,
				232A213A13006064005CFBED /* DSClickableURLTextField */,
				29B97317FDCFA39411CA2CEA /* Resources */,
				2311B0341302AD4C00644100 /* Frameworks (Application) */,
				2311B0351302AD6D00644100 /* Frameworks (Shell Tool) */,
				19C28FACFE9D520D11CA2CBB /* Products */,
			);
			name = "Add Folder Icons";
			sourceTree = "<group>";
		};
		29B97315FDCFA39411CA2CEA /* Other Application Sources */ = {
			isa = PBXGroup;
			children = (
				256AC3F00F4B6AF500CF3369 /* Add_Folder_Icons_Prefix.pch */,
				29B97316FDCFA39411CA2CEA /* main.m */,
				2364AF8412EDBA8A007C6521 /* IconStyleManager.h */,
				2364AF8512EDBA8A007C6521 /* IconStyleManager.m */,
				2349142612FAB6AF00A59086 /* ApplicationSupport.h */,
				2349142712FAB6AF00A59086 /* ApplicationSupport.m */,
			);
			name = "Other Application Sources";
			sourceTree = "<group>";
		};
		29B97317FDCFA39411CA2CEA /* Resources */ = {
			isa = PBXGroup;
			children = (
				8D1107310486CEB800E47090 /* Add_Folder_Icons-Info.plist */,
				235D7A0814DD82B100CD503D /* Add Folder Icons.entitlements */,
				230BA02514DD8AB100CC9DFC /* container-migration.plist */,
				1DDD58140DA1D0A300B32029 /* MainMenu.xib */,
				23CBD7B512E203F20024A106 /* MainWindow.xib */,
				23A86A2F1560111E000B2861 /* SplashWindow.xib */,
				2382900A1571414B005C60A5 /* splash.png */,
				23CBD71012E1ED270024A106 /* ManageStyles.xib */,
				23CB8B4612E09E9200E66CDA /* Preferences.xib */,
				2397AF7A130578FA00931AD3 /* Updates.xib */,
				23D3FB7113055B6B004FDA09 /* CreditsBottom.rtf */,
				23D3FB7313055B6B004FDA09 /* CreditsMAS.rtf */,
				23D3FB7513055B6B004FDA09 /* CreditsPOU.rtf */,
				23D3FB7713055B6B004FDA09 /* CreditsTop.rtf */,
				089C165CFE840E0CC02AAC07 /* InfoPlist.strings */,
				23CB8BA512E0C1CC00E66CDA /* Application.icns */,
				2389C660114D6AC3003466DE /* Sparkle.icns */,
				2364B21D12EEE058007C6521 /* tb_cd.png */,
				2364B21E12EEE058007C6521 /* tb_classic.png */,
				2364B21F12EEE058007C6521 /* tb_dvd.png */,
				237F3834133A3B8800A23219 /* Add-Folder-Icons.help */,
				23FF74DD1301D1C700D656DB /* Preview */,
			);
			name = Resources;
			sourceTree = "<group>";
		};
/* End PBXGroup section */

/* Begin PBXNativeTarget section */
		23C1583012F37D2900D99934 /* addfoldericons */ = {
			isa = PBXNativeTarget;
			buildConfigurationList = 23C1583512F37D4700D99934 /* Build configuration list for PBXNativeTarget "addfoldericons" */;
			buildPhases = (
				23C1582E12F37D2900D99934 /* Sources */,
				23C1582F12F37D2900D99934 /* Frameworks */,
			);
			buildRules = (
			);
			dependencies = (
			);
			name = addfoldericons;
			productName = addfoldericons;
			productReference = 23C1583112F37D2900D99934 /* addfoldericons */;
			productType = "com.apple.product-type.tool";
		};
		23D3FB2F13055044004FDA09 /* Add Folder Icons MAS */ = {
			isa = PBXNativeTarget;
			buildConfigurationList = 23D3FB5F13055044004FDA09 /* Build configuration list for PBXNativeTarget "Add Folder Icons MAS" */;
			buildPhases = (
				23D3FB3213055044004FDA09 /* Resources */,
				2397AF741305742D00931AD3 /* Run Script (Build Credits.rtf) */,
				23D3FB4113055044004FDA09 /* Copy Shell Tool */,
				23D3FB4313055044004FDA09 /* Sources */,
				23D3FB5B13055044004FDA09 /* Frameworks */,
			);
			buildRules = (
			);
			dependencies = (
				23D3FB3013055044004FDA09 /* PBXTargetDependency */,
			);
			name = "Add Folder Icons MAS";
			productInstallPath = "$(HOME)/Applications";
			productName = "Add Folder Icons";
			productReference = 23D3FB6213055044004FDA09 /* Add Folder Icons.app */;
			productType = "com.apple.product-type.application";
		};
		8D1107260486CEB800E47090 /* Add Folder Icons POU */ = {
			isa = PBXNativeTarget;
			buildConfigurationList = C01FCF4A08A954540054247B /* Build configuration list for PBXNativeTarget "Add Folder Icons POU" */;
			buildPhases = (
				8D1107290486CEB800E47090 /* Resources */,
				236315C813055C1300F84A22 /* Run Script (Build Credits.rtf) */,
				2389C61C114D64F8003466DE /* Copy Sparkle Framework */,
				2349125012F3817400A59086 /* Copy Shell Tool */,
				8D11072C0486CEB800E47090 /* Sources */,
				8D11072E0486CEB800E47090 /* Frameworks */,
			);
			buildRules = (
			);
			dependencies = (
				23C1583812F37D9200D99934 /* PBXTargetDependency */,
			);
			name = "Add Folder Icons POU";
			productInstallPath = "$(HOME)/Applications";
			productName = "Add Folder Icons";
			productReference = 8D1107320486CEB800E47090 /* Add Folder Icons.app */;
			productType = "com.apple.product-type.application";
		};
/* End PBXNativeTarget section */

/* Begin PBXProject section */
		29B97313FDCFA39411CA2CEA /* Project object */ = {
			isa = PBXProject;
			attributes = {
				LastUpgradeCheck = 0430;
				ORGANIZATIONNAME = Hipposoft;
			};
			buildConfigurationList = C01FCF4E08A954540054247B /* Build configuration list for PBXProject "Add Folder Icons" */;
			compatibilityVersion = "Xcode 3.2";
			developmentRegion = English;
			hasScannedForEncodings = 1;
			knownRegions = (
				English,
				Japanese,
				French,
				German,
			);
			mainGroup = 29B97314FDCFA39411CA2CEA /* Add Folder Icons */;
			projectDirPath = "";
			projectRoot = "";
			targets = (
				8D1107260486CEB800E47090 /* Add Folder Icons POU */,
				23D3FB2F13055044004FDA09 /* Add Folder Icons MAS */,
				23C1583012F37D2900D99934 /* addfoldericons */,
			);
		};
/* End PBXProject section */

/* Begin PBXResourcesBuildPhase section */
		23D3FB3213055044004FDA09 /* Resources */ = {
			isa = PBXResourcesBuildPhase;
			buildActionMask = 2147483647;
			files = (
				230BA02814DD95E400CC9DFC /* Add Folder Icons.entitlements in Resources */,
				230BA02714DD95E100CC9DFC /* container-migration.plist in Resources */,
				23D3FB3313055044004FDA09 /* InfoPlist.strings in Resources */,
				23D3FB3413055044004FDA09 /* MainMenu.xib in Resources */,
				23D3FB3713055044004FDA09 /* Preferences.xib in Resources */,
				23D3FB3813055044004FDA09 /* Application.icns in Resources */,
				23D3FB3913055044004FDA09 /* ManageStyles.xib in Resources */,
				23D3FB3A13055044004FDA09 /* MainWindow.xib in Resources */,
				23D3FB3B13055044004FDA09 /* tb_cd.png in Resources */,
				23D3FB3C13055044004FDA09 /* tb_classic.png in Resources */,
				23D3FB3D13055044004FDA09 /* tb_dvd.png in Resources */,
				23D3FB3E13055044004FDA09 /* Preview in Resources */,
				23D3FB7A13055B6B004FDA09 /* CreditsBottom.rtf in Resources */,
				23D3FB7C13055B6B004FDA09 /* CreditsMAS.rtf in Resources */,
				23D3FB8013055B6B004FDA09 /* CreditsTop.rtf in Resources */,
				237F3836133A3B8800A23219 /* Add-Folder-Icons.help in Resources */,
				2382900915712962005C60A5 /* SplashWindow.xib in Resources */,
				2382900C1571414B005C60A5 /* splash.png in Resources */,
			);
			runOnlyForDeploymentPostprocessing = 0;
		};
		8D1107290486CEB800E47090 /* Resources */ = {
			isa = PBXResourcesBuildPhase;
			buildActionMask = 2147483647;
			files = (
				230BA02914DD95FA00CC9DFC /* Add Folder Icons.entitlements in Resources */,
				230BA02614DD8AB100CC9DFC /* container-migration.plist in Resources */,
				8D11072B0486CEB800E47090 /* InfoPlist.strings in Resources */,
				1DDD58160DA1D0A300B32029 /* MainMenu.xib in Resources */,
				2389C661114D6AC3003466DE /* Sparkle.icns in Resources */,
				23CB8B4812E09E9200E66CDA /* Preferences.xib in Resources */,
				23CB8BA612E0C1CC00E66CDA /* Application.icns in Resources */,
				23CBD71212E1ED270024A106 /* ManageStyles.xib in Resources */,
				23CBD7B712E203F20024A106 /* MainWindow.xib in Resources */,
				2364B22012EEE058007C6521 /* tb_cd.png in Resources */,
				2364B22112EEE058007C6521 /* tb_classic.png in Resources */,
				2364B22212EEE058007C6521 /* tb_dvd.png in Resources */,
				23FF74DE1301D1C700D656DB /* Preview in Resources */,
				23D3FB7913055B6B004FDA09 /* CreditsBottom.rtf in Resources */,
				23D3FB7D13055B6B004FDA09 /* CreditsPOU.rtf in Resources */,
				23D3FB7F13055B6B004FDA09 /* CreditsTop.rtf in Resources */,
				2397AF7C130578FA00931AD3 /* Updates.xib in Resources */,
				237F3835133A3B8800A23219 /* Add-Folder-Icons.help in Resources */,
				23A86A311560111E000B2861 /* SplashWindow.xib in Resources */,
				2382900B1571414B005C60A5 /* splash.png in Resources */,
			);
			runOnlyForDeploymentPostprocessing = 0;
		};
/* End PBXResourcesBuildPhase section */

/* Begin PBXShellScriptBuildPhase section */
		236315C813055C1300F84A22 /* Run Script (Build Credits.rtf) */ = {
			isa = PBXShellScriptBuildPhase;
			buildActionMask = 2147483647;
			files = (
			);
			inputPaths = (
			);
			name = "Run Script (Build Credits.rtf)";
			outputPaths = (
			);
			runOnlyForDeploymentPostprocessing = 0;
			shellPath = /bin/csh;
			shellScript = "textutil -cat rtf \"$BUILT_PRODUCTS_DIR/$LOCALIZED_RESOURCES_FOLDER_PATH/CreditsTop.rtf\" \"$BUILT_PRODUCTS_DIR/$LOCALIZED_RESOURCES_FOLDER_PATH/CreditsPOU.rtf\" \"$BUILT_PRODUCTS_DIR/$LOCALIZED_RESOURCES_FOLDER_PATH/CreditsBottom.rtf\" -output \"$BUILT_PRODUCTS_DIR/$LOCALIZED_RESOURCES_FOLDER_PATH/Credits.rtf\"\n\nrm \"$BUILT_PRODUCTS_DIR/$LOCALIZED_RESOURCES_FOLDER_PATH/CreditsTop.rtf\"\nrm \"$BUILT_PRODUCTS_DIR/$LOCALIZED_RESOURCES_FOLDER_PATH/CreditsPOU.rtf\"\nrm \"$BUILT_PRODUCTS_DIR/$LOCALIZED_RESOURCES_FOLDER_PATH/CreditsBottom.rtf\"\n";
		};
		2397AF741305742D00931AD3 /* Run Script (Build Credits.rtf) */ = {
			isa = PBXShellScriptBuildPhase;
			buildActionMask = 2147483647;
			files = (
			);
			inputPaths = (
			);
			name = "Run Script (Build Credits.rtf)";
			outputPaths = (
			);
			runOnlyForDeploymentPostprocessing = 0;
			shellPath = /bin/csh;
			shellScript = "textutil -cat rtf \"$BUILT_PRODUCTS_DIR/$LOCALIZED_RESOURCES_FOLDER_PATH/CreditsTop.rtf\" \"$BUILT_PRODUCTS_DIR/$LOCALIZED_RESOURCES_FOLDER_PATH/CreditsMAS.rtf\" \"$BUILT_PRODUCTS_DIR/$LOCALIZED_RESOURCES_FOLDER_PATH/CreditsBottom.rtf\" -output \"$BUILT_PRODUCTS_DIR/$LOCALIZED_RESOURCES_FOLDER_PATH/Credits.rtf\"\n\nrm \"$BUILT_PRODUCTS_DIR/$LOCALIZED_RESOURCES_FOLDER_PATH/CreditsTop.rtf\"\nrm \"$BUILT_PRODUCTS_DIR/$LOCALIZED_RESOURCES_FOLDER_PATH/CreditsMAS.rtf\"\nrm \"$BUILT_PRODUCTS_DIR/$LOCALIZED_RESOURCES_FOLDER_PATH/CreditsBottom.rtf\"\n";
		};
/* End PBXShellScriptBuildPhase section */

/* Begin PBXSourcesBuildPhase section */
		23C1582E12F37D2900D99934 /* Sources */ = {
			isa = PBXSourcesBuildPhase;
			buildActionMask = 2147483647;
			files = (
				232C2C8613018D7C00786507 /* SlipCoverSupport.m in Sources */,
				232C2C8713018D8B00786507 /* CaseDefinition.m in Sources */,
				232C2C8813018D8D00786507 /* CaseGenerator.m in Sources */,
				232C2C8913018D9B00786507 /* ApplicationSupport.m in Sources */,
				234912A912F3857000A59086 /* GlobalSemaphore.m in Sources */,
				234912AA12F3857000A59086 /* Icons.m in Sources */,
				234912AB12F3857000A59086 /* Miscellaneous.m in Sources */,
				234912AC12F3857000A59086 /* IconGenerator.m in Sources */,
				234912B112F3857C00A59086 /* ConcurrentPathProcessor.m in Sources */,
				235D7A0714DD51A200CD503D /* IconParameters.m in Sources */,
				234912B212F3857C00A59086 /* main.m in Sources */,
			);
			runOnlyForDeploymentPostprocessing = 0;
		};
		23D3FB4313055044004FDA09 /* Sources */ = {
			isa = PBXSourcesBuildPhase;
			buildActionMask = 2147483647;
			files = (
				23D3FB4413055044004FDA09 /* main.m in Sources */,
				23D3FB4513055044004FDA09 /* Add_Folder_IconsAppDelegate.m in Sources */,
				23D3FB4613055044004FDA09 /* MainWindowController.m in Sources */,
				23D3FB4713055044004FDA09 /* GenericPreferencesWindowController.m in Sources */,
				23D3FB4813055044004FDA09 /* ApplicationSpecificPreferencesWindowController.m in Sources */,
				23D3FB4913055044004FDA09 /* ManageStylesWindowController.m in Sources */,
				23D3FB4A13055044004FDA09 /* IconStyle.xcdatamodel in Sources */,
				23D3FB4B13055044004FDA09 /* IconStyle.m in Sources */,
				23D3FB4C13055044004FDA09 /* CoreDataObjectIDTransformer.m in Sources */,
				23D3FB4D13055044004FDA09 /* IconStyleArrayController.m in Sources */,
				23D3FB4E13055044004FDA09 /* IconStyleManager.m in Sources */,
				23D3FB4F13055044004FDA09 /* ApplicationSupport.m in Sources */,
				23D3FB5013055044004FDA09 /* SlipCoverSupport.m in Sources */,
				23D3FB5113055044004FDA09 /* CaseDefinition.m in Sources */,
				23D3FB5213055044004FDA09 /* SCEvent.m in Sources */,
				23D3FB5313055044004FDA09 /* SCEvents.m in Sources */,
				23D3FB5413055044004FDA09 /* DSClickableURLTextField.m in Sources */,
				23D3FB5513055044004FDA09 /* GlobalSemaphore.m in Sources */,
				23D3FB5613055044004FDA09 /* Miscellaneous.m in Sources */,
				23D3FB5713055044004FDA09 /* Icons.m in Sources */,
				23D3FB5813055044004FDA09 /* IconGenerator.m in Sources */,
				23D3FB5913055044004FDA09 /* CaseGenerator.m in Sources */,
				23D3FB5A13055044004FDA09 /* MainMenuController.m in Sources */,
				235D7A0614DD519B00CD503D /* IconParameters.m in Sources */,
				2382901015714395005C60A5 /* SplashWindowController.m in Sources */,
				2341099D15714F0400AF9999 /* WhiteBackgroundView.m in Sources */,
			);
			runOnlyForDeploymentPostprocessing = 0;
		};
		8D11072C0486CEB800E47090 /* Sources */ = {
			isa = PBXSourcesBuildPhase;
			buildActionMask = 2147483647;
			files = (
				8D11072D0486CEB800E47090 /* main.m in Sources */,
				256AC3DA0F4B6AC300CF3369 /* Add_Folder_IconsAppDelegate.m in Sources */,
				233D820C115FF0E900D62B8C /* MainWindowController.m in Sources */,
				23F8929112DE096B00C022EE /* GenericPreferencesWindowController.m in Sources */,
				23F8931212DF00C000C022EE /* ApplicationSpecificPreferencesWindowController.m in Sources */,
				232F57AA12E0718F00FEB1C2 /* ManageStylesWindowController.m in Sources */,
				230EE19C12E3501B00C9F14E /* IconStyle.xcdatamodel in Sources */,
				23BD71AF12E8A1D700BE620C /* IconStyle.m in Sources */,
				23BD73F412E9FFA100BE620C /* CoreDataObjectIDTransformer.m in Sources */,
				2364AF0212ED8E98007C6521 /* IconStyleArrayController.m in Sources */,
				2364AF8612EDBA8A007C6521 /* IconStyleManager.m in Sources */,
				2349142812FAB6AF00A59086 /* ApplicationSupport.m in Sources */,
				23AED30A12FF3E13003181D8 /* SlipCoverSupport.m in Sources */,
				23AED30B12FF54EA003181D8 /* CaseDefinition.m in Sources */,
				23AED32A12FFF104003181D8 /* SCEvent.m in Sources */,
				23AED32B12FFF104003181D8 /* SCEvents.m in Sources */,
				232A213D13006066005CFBED /* DSClickableURLTextField.m in Sources */,
				23FF74E11301D69D00D656DB /* GlobalSemaphore.m in Sources */,
				23FF74E31301D7B800D656DB /* Miscellaneous.m in Sources */,
				23FF74DF1301D69300D656DB /* Icons.m in Sources */,
				23FF74E01301D69300D656DB /* IconGenerator.m in Sources */,
				23FF74E21301D76000D656DB /* CaseGenerator.m in Sources */,
				23F0B07A1304062A0085A876 /* MainMenuController.m in Sources */,
				2397AF781305761B00931AD3 /* UpdateHelper.m in Sources */,
				235D7A0514DD4A3200CD503D /* IconParameters.m in Sources */,
				2382900F15714395005C60A5 /* SplashWindowController.m in Sources */,
				2341099C15714F0400AF9999 /* WhiteBackgroundView.m in Sources */,
			);
			runOnlyForDeploymentPostprocessing = 0;
		};
/* End PBXSourcesBuildPhase section */

/* Begin PBXTargetDependency section */
		23C1583812F37D9200D99934 /* PBXTargetDependency */ = {
			isa = PBXTargetDependency;
			target = 23C1583012F37D2900D99934 /* addfoldericons */;
			targetProxy = 23C1583712F37D9200D99934 /* PBXContainerItemProxy */;
		};
		23D3FB3013055044004FDA09 /* PBXTargetDependency */ = {
			isa = PBXTargetDependency;
			target = 23C1583012F37D2900D99934 /* addfoldericons */;
			targetProxy = 23D3FB3113055044004FDA09 /* PBXContainerItemProxy */;
		};
/* End PBXTargetDependency section */

/* Begin PBXVariantGroup section */
		089C165CFE840E0CC02AAC07 /* InfoPlist.strings */ = {
			isa = PBXVariantGroup;
			children = (
				089C165DFE840E0CC02AAC07 /* English */,
			);
			name = InfoPlist.strings;
			sourceTree = "<group>";
		};
		1DDD58140DA1D0A300B32029 /* MainMenu.xib */ = {
			isa = PBXVariantGroup;
			children = (
				1DDD58150DA1D0A300B32029 /* English */,
			);
			name = MainMenu.xib;
			sourceTree = "<group>";
		};
		2397AF7A130578FA00931AD3 /* Updates.xib */ = {
			isa = PBXVariantGroup;
			children = (
				2397AF7B130578FA00931AD3 /* English */,
			);
			name = Updates.xib;
			sourceTree = "<group>";
		};
		23A86A2F1560111E000B2861 /* SplashWindow.xib */ = {
			isa = PBXVariantGroup;
			children = (
				23A86A301560111E000B2861 /* English */,
			);
			name = SplashWindow.xib;
			sourceTree = "<group>";
		};
		23CB8B4612E09E9200E66CDA /* Preferences.xib */ = {
			isa = PBXVariantGroup;
			children = (
				23CB8B4712E09E9200E66CDA /* English */,
			);
			name = Preferences.xib;
			sourceTree = "<group>";
		};
		23CBD71012E1ED270024A106 /* ManageStyles.xib */ = {
			isa = PBXVariantGroup;
			children = (
				23CBD71112E1ED270024A106 /* English */,
			);
			name = ManageStyles.xib;
			sourceTree = "<group>";
		};
		23CBD7B512E203F20024A106 /* MainWindow.xib */ = {
			isa = PBXVariantGroup;
			children = (
				23CBD7B612E203F20024A106 /* English */,
			);
			name = MainWindow.xib;
			sourceTree = "<group>";
		};
		23D3FB7113055B6B004FDA09 /* CreditsBottom.rtf */ = {
			isa = PBXVariantGroup;
			children = (
				23D3FB7213055B6B004FDA09 /* English */,
			);
			name = CreditsBottom.rtf;
			sourceTree = "<group>";
		};
		23D3FB7313055B6B004FDA09 /* CreditsMAS.rtf */ = {
			isa = PBXVariantGroup;
			children = (
				23D3FB7413055B6B004FDA09 /* English */,
			);
			name = CreditsMAS.rtf;
			sourceTree = "<group>";
		};
		23D3FB7513055B6B004FDA09 /* CreditsPOU.rtf */ = {
			isa = PBXVariantGroup;
			children = (
				23D3FB7613055B6B004FDA09 /* English */,
			);
			name = CreditsPOU.rtf;
			sourceTree = "<group>";
		};
		23D3FB7713055B6B004FDA09 /* CreditsTop.rtf */ = {
			isa = PBXVariantGroup;
			children = (
				23D3FB7813055B6B004FDA09 /* English */,
			);
			name = CreditsTop.rtf;
			sourceTree = "<group>";
		};
/* End PBXVariantGroup section */

/* Begin XCBuildConfiguration section */
		23C1583312F37D2900D99934 /* Debug */ = {
			isa = XCBuildConfiguration;
			buildSettings = {
				ALWAYS_SEARCH_USER_PATHS = NO;
				CLANG_ENABLE_OBJC_ARC = YES;
				CODE_SIGN_IDENTITY = "3rd Party Mac Developer Application: MR A D HODGKINSON";
				COPY_PHASE_STRIP = NO;
				GCC_DYNAMIC_NO_PIC = NO;
				GCC_MODEL_TUNING = G5;
				GCC_OPTIMIZATION_LEVEL = 0;
				GCC_PRECOMPILE_PREFIX_HEADER = YES;
				GCC_PREFIX_HEADER = "$(SYSTEM_LIBRARY_DIR)/Frameworks/AppKit.framework/Headers/AppKit.h";
				GCC_VERSION = com.apple.compilers.llvm.clang.1_0;
				INSTALL_PATH = "";
				OTHER_LDFLAGS = (
					"-framework",
					Foundation,
					"-framework",
					AppKit,
				);
				PRODUCT_NAME = addfoldericons;
				PROVISIONING_PROFILE = "";
				SYMROOT = "";
			};
			name = Debug;
		};
		23C1583412F37D2900D99934 /* Release */ = {
			isa = XCBuildConfiguration;
			buildSettings = {
				ALWAYS_SEARCH_USER_PATHS = NO;
				CLANG_ENABLE_OBJC_ARC = YES;
				CODE_SIGN_IDENTITY = "3rd Party Mac Developer Application: MR A D HODGKINSON";
				COPY_PHASE_STRIP = YES;
				GCC_MODEL_TUNING = G5;
				GCC_PRECOMPILE_PREFIX_HEADER = YES;
				GCC_PREFIX_HEADER = "$(SYSTEM_LIBRARY_DIR)/Frameworks/AppKit.framework/Headers/AppKit.h";
				GCC_VERSION = com.apple.compilers.llvm.clang.1_0;
				INSTALL_PATH = "";
				OTHER_LDFLAGS = (
					"-framework",
					Foundation,
					"-framework",
					AppKit,
				);
				PRODUCT_NAME = addfoldericons;
				PROVISIONING_PROFILE = "";
				SYMROOT = "";
				ZERO_LINK = NO;
			};
			name = Release;
		};
		23D3FB6013055044004FDA09 /* Debug */ = {
			isa = XCBuildConfiguration;
			buildSettings = {
				ALWAYS_SEARCH_USER_PATHS = NO;
				CLANG_ENABLE_OBJC_ARC = YES;
				CLANG_WARN_OBJCPP_ARC_ABI = YES;
				CODE_SIGN_ENTITLEMENTS = "Add Folder Icons.entitlements";
				CODE_SIGN_IDENTITY = "3rd Party Mac Developer Application: MR A D HODGKINSON";
				COPY_PHASE_STRIP = NO;
				FRAMEWORK_SEARCH_PATHS = "";
				GCC_DYNAMIC_NO_PIC = NO;
				GCC_MODEL_TUNING = G5;
				GCC_OPTIMIZATION_LEVEL = 0;
				GCC_PRECOMPILE_PREFIX_HEADER = YES;
				GCC_PREFIX_HEADER = Add_Folder_Icons_Prefix.pch;
				GCC_VERSION = com.apple.compilers.llvm.clang.1_0;
				INFOPLIST_FILE = "Add_Folder_Icons-Info.plist";
				INFOPLIST_PREPROCESS = NO;
				INSTALL_PATH = /Applications;
				OTHER_CFLAGS = "";
				PRODUCT_NAME = "Add Folder Icons";
				PROVISIONING_PROFILE = "";
				SYMROOT = "";
			};
			name = Debug;
		};
		23D3FB6113055044004FDA09 /* Release */ = {
			isa = XCBuildConfiguration;
			buildSettings = {
				ALWAYS_SEARCH_USER_PATHS = NO;
				CLANG_ENABLE_OBJC_ARC = YES;
				CLANG_WARN_OBJCPP_ARC_ABI = YES;
				CODE_SIGN_ENTITLEMENTS = "Add Folder Icons.entitlements";
				CODE_SIGN_IDENTITY = "3rd Party Mac Developer Application: MR A D HODGKINSON";
				FRAMEWORK_SEARCH_PATHS = "";
				GCC_MODEL_TUNING = G5;
				GCC_PRECOMPILE_PREFIX_HEADER = YES;
				GCC_PREFIX_HEADER = Add_Folder_Icons_Prefix.pch;
				GCC_VERSION = com.apple.compilers.llvm.clang.1_0;
				INFOPLIST_FILE = "Add_Folder_Icons-Info.plist";
				INFOPLIST_PREPROCESS = NO;
				INSTALL_PATH = /Applications;
				OTHER_CFLAGS = "";
				PRODUCT_NAME = "Add Folder Icons";
				PROVISIONING_PROFILE = "";
				SYMROOT = "";
			};
			name = Release;
		};
		C01FCF4B08A954540054247B /* Debug */ = {
			isa = XCBuildConfiguration;
			buildSettings = {
				ALWAYS_SEARCH_USER_PATHS = NO;
				CODE_SIGN_ENTITLEMENTS = "Add Folder Icons.entitlements";
				COPY_PHASE_STRIP = NO;
				FRAMEWORK_SEARCH_PATHS = (
					"$(inherited)",
					"\"$(SRCROOT)\"",
				);
				GCC_DYNAMIC_NO_PIC = NO;
				GCC_MODEL_TUNING = G5;
				GCC_OPTIMIZATION_LEVEL = 0;
				GCC_PRECOMPILE_PREFIX_HEADER = YES;
				GCC_PREFIX_HEADER = Add_Folder_Icons_Prefix.pch;
				GCC_VERSION = com.apple.compilers.llvm.clang.1_0;
				INFOPLIST_FILE = "Add_Folder_Icons-Info.plist";
				INFOPLIST_PREPROCESS = NO;
				INSTALL_PATH = /Applications;
				OTHER_CFLAGS = "-DUPDATABLE";
				PRODUCT_NAME = "Add Folder Icons";
				SYMROOT = "";
			};
			name = Debug;
		};
		C01FCF4C08A954540054247B /* Release */ = {
			isa = XCBuildConfiguration;
			buildSettings = {
				ALWAYS_SEARCH_USER_PATHS = NO;
				CODE_SIGN_ENTITLEMENTS = "Add Folder Icons.entitlements";
				FRAMEWORK_SEARCH_PATHS = (
					"$(inherited)",
					"\"$(SRCROOT)\"",
				);
				GCC_MODEL_TUNING = G5;
				GCC_PRECOMPILE_PREFIX_HEADER = YES;
				GCC_PREFIX_HEADER = Add_Folder_Icons_Prefix.pch;
				GCC_VERSION = com.apple.compilers.llvm.clang.1_0;
				INFOPLIST_FILE = "Add_Folder_Icons-Info.plist";
				INFOPLIST_PREPROCESS = NO;
				INSTALL_PATH = /Applications;
				OTHER_CFLAGS = "-DUPDATABLE";
				PRODUCT_NAME = "Add Folder Icons";
				SYMROOT = "";
			};
			name = Release;
		};
		C01FCF4F08A954540054247B /* Debug */ = {
			isa = XCBuildConfiguration;
			buildSettings = {
				ARCHS = "$(ARCHS_STANDARD_64_BIT)";
				CLANG_WARN_OBJCPP_ARC_ABI = YES;
				CODE_SIGN_IDENTITY = "Mac Developer";
				DEBUG_INFORMATION_FORMAT = "dwarf-with-dsym";
				GCC_C_LANGUAGE_STANDARD = gnu99;
				GCC_ENABLE_OBJC_GC = unsupported;
				GCC_OPTIMIZATION_LEVEL = 0;
				GCC_PREPROCESSOR_DEFINITIONS = "";
				GCC_WARN_ABOUT_RETURN_TYPE = YES;
				GCC_WARN_UNUSED_VARIABLE = YES;
				MACOSX_DEPLOYMENT_TARGET = 10.6;
				ONLY_ACTIVE_ARCH = YES;
				OTHER_CFLAGS = "";
				PROVISIONING_PROFILE = "";
				SDKROOT = macosx;
			};
			name = Debug;
		};
		C01FCF5008A954540054247B /* Release */ = {
			isa = XCBuildConfiguration;
			buildSettings = {
				ARCHS = "$(ARCHS_STANDARD_64_BIT)";
				CLANG_WARN_OBJCPP_ARC_ABI = YES;
				CODE_SIGN_IDENTITY = "Mac Developer";
				DEBUG_INFORMATION_FORMAT = "dwarf-with-dsym";
				GCC_C_LANGUAGE_STANDARD = gnu99;
				GCC_ENABLE_OBJC_GC = unsupported;
				GCC_PREPROCESSOR_DEFINITIONS = "";
				GCC_WARN_ABOUT_RETURN_TYPE = YES;
				GCC_WARN_UNUSED_VARIABLE = YES;
				MACOSX_DEPLOYMENT_TARGET = 10.6;
				OTHER_CFLAGS = "";
				PROVISIONING_PROFILE = "";
				SDKROOT = macosx;
			};
			name = Release;
		};
/* End XCBuildConfiguration section */

/* Begin XCConfigurationList section */
		23C1583512F37D4700D99934 /* Build configuration list for PBXNativeTarget "addfoldericons" */ = {
			isa = XCConfigurationList;
			buildConfigurations = (
				23C1583312F37D2900D99934 /* Debug */,
				23C1583412F37D2900D99934 /* Release */,
			);
			defaultConfigurationIsVisible = 0;
			defaultConfigurationName = Release;
		};
		23D3FB5F13055044004FDA09 /* Build configuration list for PBXNativeTarget "Add Folder Icons MAS" */ = {
			isa = XCConfigurationList;
			buildConfigurations = (
				23D3FB6013055044004FDA09 /* Debug */,
				23D3FB6113055044004FDA09 /* Release */,
			);
			defaultConfigurationIsVisible = 0;
			defaultConfigurationName = Release;
		};
		C01FCF4A08A954540054247B /* Build configuration list for PBXNativeTarget "Add Folder Icons POU" */ = {
			isa = XCConfigurationList;
			buildConfigurations = (
				C01FCF4B08A954540054247B /* Debug */,
				C01FCF4C08A954540054247B /* Release */,
			);
			defaultConfigurationIsVisible = 0;
			defaultConfigurationName = Release;
		};
		C01FCF4E08A954540054247B /* Build configuration list for PBXProject "Add Folder Icons" */ = {
			isa = XCConfigurationList;
			buildConfigurations = (
				C01FCF4F08A954540054247B /* Debug */,
				C01FCF5008A954540054247B /* Release */,
			);
			defaultConfigurationIsVisible = 0;
			defaultConfigurationName = Release;
		};
/* End XCConfigurationList section */
	};
	rootObject = 29B97313FDCFA39411CA2CEA /* Project object */;
}
